
Microsoft Visual Studio Solution File, Format Version 12.00
# Visual Studio 15
VisualStudioVersion = 15.0.27130.0
MinimumVisualStudioVersion = 10.0.40219.1
Project("{FAE04EC0-301F-11D3-BF4B-00C04F79EFBC}") = "VariablesPractice", "VariablesPractice\VariablesPractice.csproj", "{B75E2AFA-86C7-4608-82CC-3DC30922960B}"
EndProject
Global
	GlobalSection(SolutionConfigurationPlatforms) = preSolution
		Debug|Any CPU = Debug|Any CPU
		Release|Any CPU = Release|Any CPU
	EndGlobalSection
	GlobalSection(ProjectConfigurationPlatforms) = postSolution
		{B75E2AFA-86C7-4608-82CC-3DC30922960B}.Debug|Any CPU.ActiveCfg = Debug|Any CPU
		{B75E2AFA-86C7-4608-82CC-3DC30922960B}.Debug|Any CPU.Build.0 = Debug|Any CPU
		{B75E2AFA-86C7-4608-82CC-3DC30922960B}.Release|Any CPU.ActiveCfg = Release|Any CPU
		{B75E2AFA-86C7-4608-82CC-3DC30922960B}.Release|Any CPU.Build.0 = Release|Any CPU
	EndGlobalSection
	GlobalSection(SolutionProperties) = preSolution
		HideSolutionNode = FALSE
	EndGlobalSection
	GlobalSection(ExtensibilityGlobals) = postSolution
		SolutionGuid = {AACDB688-7598-4DE0-B216-40641B72BB07}
	EndGlobalSection
EndGlobal
